
Microsoft Visual Studio Solution File, Format Version 12.00
# Visual Studio Version 16
VisualStudioVersion = 16.0.30804.86
MinimumVisualStudioVersion = 10.0.40219.1
Project("{FAE04EC0-301F-11D3-BF4B-00C04F79EFBC}") = "WinFormsUI", "WinFormsUI\WinFormsUI.csproj", "{EDCB8DE3-CC29-49B6-B66B-EE793FB8B31A}"
EndProject
Project("{FAE04EC0-301F-11D3-BF4B-00C04F79EFBC}") = "ClassLibrary", "ClassLibrary\ClassLibrary.csproj", "{C63FF896-4038-4534-8877-70084A41B8DB}"
EndProject
Global
	GlobalSection(SolutionConfigurationPlatforms) = preSolution
		Debug|Any CPU = Debug|Any CPU
		Release|Any CPU = Release|Any CPU
	EndGlobalSection
	GlobalSection(ProjectConfigurationPlatforms) = postSolution
		{EDCB8DE3-CC29-49B6-B66B-EE793FB8B31A}.Debug|Any CPU.ActiveCfg = Debug|Any CPU
		{EDCB8DE3-CC29-49B6-B66B-EE793FB8B31A}.Debug|Any CPU.Build.0 = Debug|Any CPU
		{EDCB8DE3-CC29-49B6-B66B-EE793FB8B31A}.Release|Any CPU.ActiveCfg = Release|Any CPU
		{EDCB8DE3-CC29-49B6-B66B-EE793FB8B31A}.Release|Any CPU.Build.0 = Release|Any CPU
		{C63FF896-4038-4534-8877-70084A41B8DB}.Debug|Any CPU.ActiveCfg = Debug|Any CPU
		{C63FF896-4038-4534-8877-70084A41B8DB}.Debug|Any CPU.Build.0 = Debug|Any CPU
		{C63FF896-4038-4534-8877-70084A41B8DB}.Release|Any CPU.ActiveCfg = Release|Any CPU
		{C63FF896-4038-4534-8877-70084A41B8DB}.Release|Any CPU.Build.0 = Release|Any CPU
	EndGlobalSection
	GlobalSection(SolutionProperties) = preSolution
		HideSolutionNode = FALSE
	EndGlobalSection
	GlobalSection(ExtensibilityGlobals) = postSolution
		SolutionGuid = {D8B5A453-5511-42E1-A4EC-3EC3702F8E0D}
	EndGlobalSection
EndGlobal
